
Microsoft Visual Studio Solution File, Format Version 12.00
# Visual Studio Version 17
VisualStudioVersion = 17.13.35919.96
MinimumVisualStudioVersion = 10.0.40219.1
Project("{FAE04EC0-301F-11D3-BF4B-00C04F79EFBC}") = "HireMe", "HireMe.csproj", "{58E1FD54-5B3D-4CE3-9CCE-A88A4C426F0B}"
EndProject
Project("{FAE04EC0-301F-11D3-BF4B-00C04F79EFBC}") = "HireMeTests1", "..\HireMeTests1\HireMeTests1.csproj", "{EAA6C824-984C-4E87-8DDD-BEB53C7E111F}"
EndProject
Global
	GlobalSection(SolutionConfigurationPlatforms) = preSolution
		Debug|Any CPU = Debug|Any CPU
		Release|Any CPU = Release|Any CPU
	EndGlobalSection
	GlobalSection(ProjectConfigurationPlatforms) = postSolution
		{58E1FD54-5B3D-4CE3-9CCE-A88A4C426F0B}.Debug|Any CPU.ActiveCfg = Debug|Any CPU
		{58E1FD54-5B3D-4CE3-9CCE-A88A4C426F0B}.Debug|Any CPU.Build.0 = Debug|Any CPU
		{58E1FD54-5B3D-4CE3-9CCE-A88A4C426F0B}.Release|Any CPU.ActiveCfg = Release|Any CPU
		{58E1FD54-5B3D-4CE3-9CCE-A88A4C426F0B}.Release|Any CPU.Build.0 = Release|Any CPU
		{EAA6C824-984C-4E87-8DDD-BEB53C7E111F}.Debug|Any CPU.ActiveCfg = Debug|Any CPU
		{EAA6C824-984C-4E87-8DDD-BEB53C7E111F}.Debug|Any CPU.Build.0 = Debug|Any CPU
		{EAA6C824-984C-4E87-8DDD-BEB53C7E111F}.Release|Any CPU.ActiveCfg = Release|Any CPU
		{EAA6C824-984C-4E87-8DDD-BEB53C7E111F}.Release|Any CPU.Build.0 = Release|Any CPU
	EndGlobalSection
	GlobalSection(SolutionProperties) = preSolution
		HideSolutionNode = FALSE
	EndGlobalSection
	GlobalSection(ExtensibilityGlobals) = postSolution
		SolutionGuid = {8799074F-12C2-417D-A633-78607904B38B}
	EndGlobalSection
EndGlobal
